
Microsoft Visual Studio Solution File, Format Version 12.00
# Visual Studio Version 16
VisualStudioVersion = 16.0.29215.179
MinimumVisualStudioVersion = 10.0.40219.1
Project("{8BC9CEB8-8B4A-11D0-8D11-00A0C91BC942}") = "ssphh", "ssphh\ssphh.vcxproj", "{8F93792A-FC28-4E97-A4CC-27EBB0DABDE9}"
	ProjectSection(ProjectDependencies) = postProject
		{26F2CC6D-675B-4775-BBFA-949445675DB6} = {26F2CC6D-675B-4775-BBFA-949445675DB6}
		{58BF0089-1974-413E-A79B-D48970D3AE23} = {58BF0089-1974-413E-A79B-D48970D3AE23}
		{88A6BDF0-D073-4706-B4C3-330EC623A7C1} = {88A6BDF0-D073-4706-B4C3-330EC623A7C1}
		{CC5438F5-5E12-4F28-8B2F-13359021B095} = {CC5438F5-5E12-4F28-8B2F-13359021B095}
	EndProjectSection
EndProject
Project("{8BC9CEB8-8B4A-11D0-8D11-00A0C91BC942}") = "ssphh-tests", "ssphh-tests\ssphh-tests.vcxproj", "{26F2CC6D-675B-4775-BBFA-949445675DB6}"
	ProjectSection(ProjectDependencies) = postProject
		{CC5438F5-5E12-4F28-8B2F-13359021B095} = {CC5438F5-5E12-4F28-8B2F-13359021B095}
	EndProjectSection
EndProject
Project("{8BC9CEB8-8B4A-11D0-8D11-00A0C91BC942}") = "ssphh-data", "ssphh-data\ssphh-data.vcxproj", "{B76C0F05-FE41-4D30-B657-5BCD101E2FBD}"
EndProject
Project("{8BC9CEB8-8B4A-11D0-8D11-00A0C91BC942}") = "fluxions", "fluxions\fluxions.vcxproj", "{CC5438F5-5E12-4F28-8B2F-13359021B095}"
	ProjectSection(ProjectDependencies) = postProject
		{1CC0D62B-CC61-4966-9DEC-AE18076C1061} = {1CC0D62B-CC61-4966-9DEC-AE18076C1061}
		{0C42445E-96F1-4ED0-B14A-121460A0789A} = {0C42445E-96F1-4ED0-B14A-121460A0789A}
		{5F4A4A72-CC7F-40E7-98FD-8B4FF515CDA1} = {5F4A4A72-CC7F-40E7-98FD-8B4FF515CDA1}
		{EF2BA77A-4865-4DE0-9DFB-EBD98D5356DE} = {EF2BA77A-4865-4DE0-9DFB-EBD98D5356DE}
		{E385FD9F-1950-481E-B757-F4908D7141CA} = {E385FD9F-1950-481E-B757-F4908D7141CA}
	EndProjectSection
EndProject
Project("{8BC9CEB8-8B4A-11D0-8D11-00A0C91BC942}") = "hatchetfish", "hatchetfish\hatchetfish.vcxproj", "{E385FD9F-1950-481E-B757-F4908D7141CA}"
EndProject
Project("{8BC9CEB8-8B4A-11D0-8D11-00A0C91BC942}") = "fluxions-gte", "fluxions-gte\fluxions-gte.vcxproj", "{0C42445E-96F1-4ED0-B14A-121460A0789A}"
EndProject
Project("{8BC9CEB8-8B4A-11D0-8D11-00A0C91BC942}") = "fluxions-base", "fluxions-base\fluxions-base.vcxproj", "{1CC0D62B-CC61-4966-9DEC-AE18076C1061}"
	ProjectSection(ProjectDependencies) = postProject
		{0C42445E-96F1-4ED0-B14A-121460A0789A} = {0C42445E-96F1-4ED0-B14A-121460A0789A}
		{E385FD9F-1950-481E-B757-F4908D7141CA} = {E385FD9F-1950-481E-B757-F4908D7141CA}
	EndProjectSection
EndProject
Project("{8BC9CEB8-8B4A-11D0-8D11-00A0C91BC942}") = "viperfish", "viperfish\viperfish.vcxproj", "{58BF0089-1974-413E-A79B-D48970D3AE23}"
	ProjectSection(ProjectDependencies) = postProject
		{CC5438F5-5E12-4F28-8B2F-13359021B095} = {CC5438F5-5E12-4F28-8B2F-13359021B095}
	EndProjectSection
EndProject
Project("{8BC9CEB8-8B4A-11D0-8D11-00A0C91BC942}") = "damselfish", "damselfish\damselfish.vcxproj", "{EF2BA77A-4865-4DE0-9DFB-EBD98D5356DE}"
EndProject
Project("{8BC9CEB8-8B4A-11D0-8D11-00A0C91BC942}") = "unicornfish", "unicornfish\unicornfish.vcxproj", "{88A6BDF0-D073-4706-B4C3-330EC623A7C1}"
	ProjectSection(ProjectDependencies) = postProject
		{CC5438F5-5E12-4F28-8B2F-13359021B095} = {CC5438F5-5E12-4F28-8B2F-13359021B095}
	EndProjectSection
EndProject
Project("{8BC9CEB8-8B4A-11D0-8D11-00A0C91BC942}") = "starfish", "starfish\starfish.vcxproj", "{5F4A4A72-CC7F-40E7-98FD-8B4FF515CDA1}"
	ProjectSection(ProjectDependencies) = postProject
		{0C42445E-96F1-4ED0-B14A-121460A0789A} = {0C42445E-96F1-4ED0-B14A-121460A0789A}
	EndProjectSection
EndProject
Global
	GlobalSection(SolutionConfigurationPlatforms) = preSolution
		Debug|x64 = Debug|x64
		Debug|x86 = Debug|x86
		Release|x64 = Release|x64
		Release|x86 = Release|x86
	EndGlobalSection
	GlobalSection(ProjectConfigurationPlatforms) = postSolution
		{8F93792A-FC28-4E97-A4CC-27EBB0DABDE9}.Debug|x64.ActiveCfg = Debug|x64
		{8F93792A-FC28-4E97-A4CC-27EBB0DABDE9}.Debug|x64.Build.0 = Debug|x64
		{8F93792A-FC28-4E97-A4CC-27EBB0DABDE9}.Debug|x86.ActiveCfg = Debug|x64
		{8F93792A-FC28-4E97-A4CC-27EBB0DABDE9}.Release|x64.ActiveCfg = Release|x64
		{8F93792A-FC28-4E97-A4CC-27EBB0DABDE9}.Release|x64.Build.0 = Release|x64
		{8F93792A-FC28-4E97-A4CC-27EBB0DABDE9}.Release|x86.ActiveCfg = Release|x64
		{26F2CC6D-675B-4775-BBFA-949445675DB6}.Debug|x64.ActiveCfg = Debug|x64
		{26F2CC6D-675B-4775-BBFA-949445675DB6}.Debug|x64.Build.0 = Debug|x64
		{26F2CC6D-675B-4775-BBFA-949445675DB6}.Debug|x86.ActiveCfg = Debug|x64
		{26F2CC6D-675B-4775-BBFA-949445675DB6}.Release|x64.ActiveCfg = Release|x64
		{26F2CC6D-675B-4775-BBFA-949445675DB6}.Release|x64.Build.0 = Release|x64
		{26F2CC6D-675B-4775-BBFA-949445675DB6}.Release|x86.ActiveCfg = Release|x64
		{B76C0F05-FE41-4D30-B657-5BCD101E2FBD}.Debug|x64.ActiveCfg = Debug|x64
		{B76C0F05-FE41-4D30-B657-5BCD101E2FBD}.Debug|x64.Build.0 = Debug|x64
		{B76C0F05-FE41-4D30-B657-5BCD101E2FBD}.Debug|x86.ActiveCfg = Debug|x64
		{B76C0F05-FE41-4D30-B657-5BCD101E2FBD}.Release|x64.ActiveCfg = Release|x64
		{B76C0F05-FE41-4D30-B657-5BCD101E2FBD}.Release|x64.Build.0 = Release|x64
		{B76C0F05-FE41-4D30-B657-5BCD101E2FBD}.Release|x86.ActiveCfg = Release|x64
		{CC5438F5-5E12-4F28-8B2F-13359021B095}.Debug|x64.ActiveCfg = Debug|x64
		{CC5438F5-5E12-4F28-8B2F-13359021B095}.Debug|x64.Build.0 = Debug|x64
		{CC5438F5-5E12-4F28-8B2F-13359021B095}.Debug|x86.ActiveCfg = Debug|x64
		{CC5438F5-5E12-4F28-8B2F-13359021B095}.Release|x64.ActiveCfg = Release|x64
		{CC5438F5-5E12-4F28-8B2F-13359021B095}.Release|x64.Build.0 = Release|x64
		{CC5438F5-5E12-4F28-8B2F-13359021B095}.Release|x86.ActiveCfg = Release|x64
		{E385FD9F-1950-481E-B757-F4908D7141CA}.Debug|x64.ActiveCfg = Debug|x64
		{E385FD9F-1950-481E-B757-F4908D7141CA}.Debug|x64.Build.0 = Debug|x64
		{E385FD9F-1950-481E-B757-F4908D7141CA}.Debug|x86.ActiveCfg = Debug|x64
		{E385FD9F-1950-481E-B757-F4908D7141CA}.Release|x64.ActiveCfg = Release|x64
		{E385FD9F-1950-481E-B757-F4908D7141CA}.Release|x64.Build.0 = Release|x64
		{E385FD9F-1950-481E-B757-F4908D7141CA}.Release|x86.ActiveCfg = Release|x64
		{0C42445E-96F1-4ED0-B14A-121460A0789A}.Debug|x64.ActiveCfg = Debug|x64
		{0C42445E-96F1-4ED0-B14A-121460A0789A}.Debug|x64.Build.0 = Debug|x64
		{0C42445E-96F1-4ED0-B14A-121460A0789A}.Debug|x86.ActiveCfg = Debug|x64
		{0C42445E-96F1-4ED0-B14A-121460A0789A}.Release|x64.ActiveCfg = Release|x64
		{0C42445E-96F1-4ED0-B14A-121460A0789A}.Release|x64.Build.0 = Release|x64
		{0C42445E-96F1-4ED0-B14A-121460A0789A}.Release|x86.ActiveCfg = Release|x64
		{1CC0D62B-CC61-4966-9DEC-AE18076C1061}.Debug|x64.ActiveCfg = Debug|x64
		{1CC0D62B-CC61-4966-9DEC-AE18076C1061}.Debug|x64.Build.0 = Debug|x64
		{1CC0D62B-CC61-4966-9DEC-AE18076C1061}.Debug|x86.ActiveCfg = Debug|x64
		{1CC0D62B-CC61-4966-9DEC-AE18076C1061}.Release|x64.ActiveCfg = Release|x64
		{1CC0D62B-CC61-4966-9DEC-AE18076C1061}.Release|x64.Build.0 = Release|x64
		{1CC0D62B-CC61-4966-9DEC-AE18076C1061}.Release|x86.ActiveCfg = Release|x64
		{58BF0089-1974-413E-A79B-D48970D3AE23}.Debug|x64.ActiveCfg = Debug|x64
		{58BF0089-1974-413E-A79B-D48970D3AE23}.Debug|x64.Build.0 = Debug|x64
		{58BF0089-1974-413E-A79B-D48970D3AE23}.Debug|x86.ActiveCfg = Debug|x64
		{58BF0089-1974-413E-A79B-D48970D3AE23}.Release|x64.ActiveCfg = Release|x64
		{58BF0089-1974-413E-A79B-D48970D3AE23}.Release|x64.Build.0 = Release|x64
		{58BF0089-1974-413E-A79B-D48970D3AE23}.Release|x86.ActiveCfg = Release|x64
		{EF2BA77A-4865-4DE0-9DFB-EBD98D5356DE}.Debug|x64.ActiveCfg = Debug|x64
		{EF2BA77A-4865-4DE0-9DFB-EBD98D5356DE}.Debug|x64.Build.0 = Debug|x64
		{EF2BA77A-4865-4DE0-9DFB-EBD98D5356DE}.Debug|x86.ActiveCfg = Debug|x64
		{EF2BA77A-4865-4DE0-9DFB-EBD98D5356DE}.Release|x64.ActiveCfg = Release|x64
		{EF2BA77A-4865-4DE0-9DFB-EBD98D5356DE}.Release|x64.Build.0 = Release|x64
		{EF2BA77A-4865-4DE0-9DFB-EBD98D5356DE}.Release|x86.ActiveCfg = Release|x64
		{88A6BDF0-D073-4706-B4C3-330EC623A7C1}.Debug|x64.ActiveCfg = Debug|x64
		{88A6BDF0-D073-4706-B4C3-330EC623A7C1}.Debug|x64.Build.0 = Debug|x64
		{88A6BDF0-D073-4706-B4C3-330EC623A7C1}.Debug|x86.ActiveCfg = Debug|x64
		{88A6BDF0-D073-4706-B4C3-330EC623A7C1}.Release|x64.ActiveCfg = Release|x64
		{88A6BDF0-D073-4706-B4C3-330EC623A7C1}.Release|x64.Build.0 = Release|x64
		{88A6BDF0-D073-4706-B4C3-330EC623A7C1}.Release|x86.ActiveCfg = Release|x64
		{5F4A4A72-CC7F-40E7-98FD-8B4FF515CDA1}.Debug|x64.ActiveCfg = Debug|x64
		{5F4A4A72-CC7F-40E7-98FD-8B4FF515CDA1}.Debug|x64.Build.0 = Debug|x64
		{5F4A4A72-CC7F-40E7-98FD-8B4FF515CDA1}.Debug|x86.ActiveCfg = Debug|x64
		{5F4A4A72-CC7F-40E7-98FD-8B4FF515CDA1}.Release|x64.ActiveCfg = Release|x64
		{5F4A4A72-CC7F-40E7-98FD-8B4FF515CDA1}.Release|x64.Build.0 = Release|x64
		{5F4A4A72-CC7F-40E7-98FD-8B4FF515CDA1}.Release|x86.ActiveCfg = Release|x64
	EndGlobalSection
	GlobalSection(SolutionProperties) = preSolution
		HideSolutionNode = FALSE
	EndGlobalSection
	GlobalSection(ExtensibilityGlobals) = postSolution
		SolutionGuid = {928B142B-3FD9-40D0-8BE9-E48BB7DF8BE6}
	EndGlobalSection
EndGlobal
